github.com/akihiro/go-net-utils v0.0.0-20180301090534-3c602bc7c2ce h1:VSEj7guDoq9Lt7Mz9xl9h3wAdpn9Z/ZFa5ilOnP8JrY=
github.com/akihiro/go-net-utils v0.0.0-20180301090534-3c602bc7c2ce/go.mod h1:ObMhpf+CUDxgVTVrftIY6+xlmvsBox+tqY2ti0/9Xh4=
github.com/alecthomas/units v0.0.0-20210208195552-ff826a37aa15 h1:AUNCr9CiJuwrRYS3XieqF+Z9B9gNxo/eANAJCF2eiN4=
github.com/alecthomas/units v0.0.0-20210208195552-ff826a37aa15/go.mod h1:OMCwj8VM1Kc9e19TLln2VL61YJF0x1XFtfdL4JdbSyE=
github.com/apparentlymart/go-cidr v1.1.0 h1:2mAhrMoF+nhXqxTzSZMUzDHkLjmIHC+Zzn4tdgBZjnU=
github.com/apparentlymart/go-cidr v1.1.0/go.mod h1:EBcsNrHc3zQeuaeCeCtQruQm+n9/YjEn/vI25Lg7Gwc=
github.com/davecgh/go-spew v1.1.0/go.mod h1:J7Y8YcW2NihsgmVo/mv3lAwl/skON4iLHjSsI+c5H38=
github.com/davecgh/go-spew v1.1.1 h1:vj9j/u1bqnvCEfJOwUhtlOARqs3+rkHYY13jYWTU97c=
github.com/davecgh/go-spew v1.1.1/go.mod h1:J7Y8YcW2NihsgmVo/mv3lAwl/skON4iLHjSsI+c5H38=
github.com/drael/GOnetstat v0.0.0-20201004132414-bf4a88b0bdab h1:e3ZU5RneT1oa8oIxG0NqTGKFx/Q5WL4N9G0M1AD31lo=
github.com/drael/GOnetstat v0.0.0-20201004132414-bf4a88b0bdab/go.mod h1:QtldKtugUV5zmFEu34yrkdalP1qD52QaOZgZ+V6N5DI=
github.com/howeyc/gopass v0.0.0-20190910152052-7cb4b85ec19c h1:aY2hhxLhjEAbfXOx2nRJxCXezC6CO2V/yN+OCr1srtk=
github.com/howeyc/gopass v0.0.0-20190910152052-7cb4b85ec19c/go.mod h1:lADxMC39cJJqL93Duh1xhAs4I2Zs8mKS89XWXFGp9cs=
github.com/koron/jvgrep v0.0.0-20150922151206-61a67eed960f h1:oSQSbTdUJVIppbOtFTbFBtXrt54QrKAx7zhpFJ4tVI4=
github.com/koron/jvgrep v0.0.0-20150922151206-61a67eed960f/go.mod h1:UjTXJ0JUtFeAQ6dFLm2GN61zi20BpNqTWYYWIjeSICM=
github.com/paulbellamy/ratecounter v0.2.0 h1:2L/RhJq+HA8gBQImDXtLPrDXK5qAj6ozWVK/zFXVJGs=
github.com/paulbellamy/ratecounter v0.2.0/go.mod h1:Hfx1hDpSGoqxkVVpBi/IlYD7kChlfo5C6hzIHwPqfFE=
github.com/pmezard/go-difflib v1.0.0 h1:4DBwDE0NGyQoBHbLQYPwSUPoCMWR5BEzIk/f1lZbAQM=
github.com/pmezard/go-difflib v1.0.0/go.mod h1:iKH77koFhYxTK1pcRnkKkqfTogsbg7gZNVY4sRDYZ/4=
github.com/sirupsen/logrus v1.8.1 h1:dJKuHgqk1NNQlqoA6BTlM1Wf9DOH3NBjQyu0h9+AZZE=
github.com/sirupsen/logrus v1.8.1/go.mod h1:yWOB1SBYBC5VeMP7gHvWumXLIWorT60ONWic61uBYv0=
github.com/stretchr/objx v0.1.0/go.mod h1:HFkY916IF+rwdDfMAkV7OtwuqBVzrE8GR6GFx+wExME=
github.com/stretchr/powerwalk v0.0.0-20151124150408-bceb9d014549 h1:zjTKDjwZy1IVyLos+s70iYMwL/ZVojUbIDX5kghHa1Q=
github.com/stretchr/powerwalk v0.0.0-20151124150408-bceb9d014549/go.mod h1:RhJzAYfVBD/ULOCeUUaTn0CHDRQBYHjDY7yYpSt6+4M=
github.com/stretchr/testify v1.2.2/go.mod h1:a8OnRcib4nhh0OaRAV+Yts87kKdq0PP7pXfy6kDkUVs=
github.com/stretchr/testify v1.3.0/go.mod h1:M5WIy9Dh21IEIfnGCwXGc5bZfKNJtfHm1UVUgZn+9EI=
github.com/stretchr/testify v1.4.0 h1:2E4SXV/wtOkTonXsotYi4li6zVWxYlZuYNCXe9XRJyk=
github.com/stretchr/testify v1.4.0/go.mod h1:j7eGeouHqKxXV5pUuKE4zz7dFj8WfuZ+81PSLYec5m4=
github.com/willdonnelly/passwd v0.0.0-20141013001024-7935dab3074c h1:4+NVyrLUuEmvE3r3Xst7gPuKhAP6X04ACpMmPvtK0M0=
github.com/willdonnelly/passwd v0.0.0-20141013001024-7935dab3074c/go.mod h1:xcvfY9pOw6s4wyrhilFSbMthL6KzgrfCIETHHUOQ/fQ=
go.uber.org/atomic v1.7.0 h1:ADUqmZGgLDDfbSL9ZmPxKTybcoEYHgpYfELNoN+7hsw=
go.uber.org/atomic v1.7.0/go.mod h1:fEN4uk6kAWBTFdckzkM89CLk9XfWZrxpCo0nPH17wJc=
golang.org/x/crypto v0.0.0-20210322153248-0c34fe9e7dc2 h1:It14KIkyBFYkHkwZ7k45minvA9aorojkyjGk9KJ5B/w=
golang.org/x/crypto v0.0.0-20210322153248-0c34fe9e7dc2/go.mod h1:T9bdIzuCu7OtxOm1hfPfRQxPLYneinmdGuTeoZ9dtd4=
golang.org/x/net v0.0.0-20210226172049-e18ecbb05110/go.mod h1:m0MpNAwzfU5UDzcl9v0D8zg8gWTRqZa9RBIspLL5mdg=
golang.org/x/sys v0.0.0-20191026070338-33540a1f6037/go.mod h1:h1NjWce9XRLGQEsW7wpKNCjG9DtNlClVuFLEZdDNbEs=
golang.org/x/sys v0.0.0-20201119102817-f84b799fce68 h1:nxC68pudNYkKU6jWhgrqdreuFiOQWj1Fs7T3VrH4Pjw=
golang.org/x/sys v0.0.0-20201119102817-f84b799fce68/go.mod h1:h1NjWce9XRLGQEsW7wpKNCjG9DtNlClVuFLEZdDNbEs=
golang.org/x/term v0.0.0-20201126162022-7de9c90e9dd1 h1:v+OssWQX+hTHEmOBgwxdZxK4zHq3yOs8F9J7mk0PY8E=
golang.org/x/term v0.0.0-20201126162022-7de9c90e9dd1/go.mod h1:bj7SfCRtBDWHUb9snDiAeCFNEtKQo2Wmx5Cou7ajbmo=
golang.org/x/text v0.3.3/go.mod h1:5Zoc/QRtKVWzQhOtBMvqHzDpF6irO9z98xDceosuGiQ=
golang.org/x/tools v0.0.0-20180917221912-90fa682c2a6e/go.mod h1:n7NCudcB/nEzxVGmLbDWY5pfWTLqBcC2KZ6jyYvM4mQ=
gopkg.in/check.v1 v0.0.0-20161208181325-20d25e280405 h1:yhCVgyC4o1eVCa2tZl7eS0r+SDo693bJlVdllGtEeKM=
gopkg.in/check.v1 v0.0.0-20161208181325-20d25e280405/go.mod h1:Co6ibVJAznAaIkqp8huTwlJQCZ016jof/cbN4VW5Yz0=
gopkg.in/yaml.v2 v2.2.2 h1:ZCJp+EgiOT7lHqUV2J862kp8Qj64Jo6az82+3Td9dZw=
gopkg.in/yaml.v2 v2.2.2/go.mod h1:hI93XBmqTisBFMUTm0b8Fm+jr3Dg1NNxqwp+5A1VGuI=
